<?xml version="1.0" encoding="utf-8"?>
<Project ToolsVersion="4.0" xmlns="http://schemas.microsoft.com/developer/msbuild/2003">
  <ItemGroup>
    <Filter Include="Source Files">
      <UniqueIdentifier>{4FC737F1-C7A5-4376-A066-2A32D752A2FF}</UniqueIdentifier>
      <Extensions>cpp;c;cc;cxx;c++;cppm;ixx;def;odl;idl;hpj;bat;asm;asmx</Extensions>
    </Filter>
    <Filter Include="Resource Files">
      <UniqueIdentifier>{67DA6AB6-F800-4c08-8B7A-83BB121AAD01}</UniqueIdentifier>
      <Extensions>rc;ico;cur;bmp;dlg;rc2;rct;bin;rgs;gif;jpg;jpeg;jpe;resx;tiff;tif;png;wav;mfcribbon-ms</Extensions>
    </Filter>
  </ItemGroup>
  <ItemGroup>
    <ClCompile Include="glib.c">
      <Filter>Source Files</Filter>
    </ClCompile>
    <ClCompile Include="approximation_algorithm.c">
      <Filter>Source Files</Filter>
    </ClCompile>
    <ClCompile Include="common_utils.c">
      <Filter>Source Files</Filter>
    </ClCompile>
    <ClCompile Include="config.c">
      <Filter>Source Files</Filter>
    </ClCompile>
    <ClCompile Include="graph.c">
      <Filter>Source Files</Filter>
    </ClCompile>
    <ClCompile Include="graph_algorithm.c">
      <Filter>Source Files</Filter>
    </ClCompile>
    <ClCompile Include="graph_factory.c">
      <Filter>Source Files</Filter>
    </ClCompile>
    <ClCompile Include="main.c">
      <Filter>Source Files</Filter>
    </ClCompile>
    <ClCompile Include="utils.c">
      <Filter>Source Files</Filter>
    </ClCompile>
  </ItemGroup>
  <ItemGroup>
    <ClInclude Include="approximation_algorithm.h" />
    <ClInclude Include="common_utils.h" />
    <ClInclude Include="config.h" />
    <ClInclude Include="glib.h" />
    <ClInclude Include="graph.h" />
    <ClInclude Include="graph_algorithm.h" />
    <ClInclude Include="graph_factory.h" />
    <ClInclude Include="graph_interface.h" />
    <ClInclude Include="utils.h" />
  </ItemGroup>
</Project>